
Microsoft Visual Studio Solution File, Format Version 12.00
# Visual Studio 15
VisualStudioVersion = 15.0.27130.2024
MinimumVisualStudioVersion = 10.0.40219.1
Project("{2150E333-8FDC-42A3-9474-1A3956D46DE8}") = "Configuration", "Configuration", "{F89FF17F-5268-4F3E-97DA-E224974F4226}"
	ProjectSection(SolutionItems) = preProject
		nuget.config = nuget.config
	EndProjectSection
EndProject
Project("{2150E333-8FDC-42A3-9474-1A3956D46DE8}") = "Feature", "Feature", "{872AD8A1-5DB8-4900-9733-5E0D1AD9C83B}"
EndProject
Project("{2150E333-8FDC-42A3-9474-1A3956D46DE8}") = "Project", "Project", "{452B6465-0AD7-45C5-8144-6643F21B85E6}"
EndProject
Project("{2150E333-8FDC-42A3-9474-1A3956D46DE8}") = "Foundation", "Foundation", "{2313DFE5-5149-4843-B89F-979B14725E66}"
EndProject
Project("{2150E333-8FDC-42A3-9474-1A3956D46DE8}") = "TestSimulation", "TestSimulation", "{6A6A0CAC-2FD8-4690-AD30-EF3A3E3101FE}"
EndProject
Project("{9A19103F-16F7-4668-BE54-9A1E7A4F7556}") = "Feature.TestSimulation.Engine", "src\Feature\TestSimulation\Engine\Feature.TestSimulation.Engine.csproj", "{C8B4122E-69EF-415C-8FB1-74E4DF2FD0E5}"
EndProject
Project("{FAE04EC0-301F-11D3-BF4B-00C04F79EFBC}") = "Feature.TestSimulation.Website", "src\Feature\TestSimulation\Website\Feature.TestSimulation.Website.csproj", "{A8D3A425-A11D-4CDF-A918-6CD8EE84D882}"
EndProject
Project("{2150E333-8FDC-42A3-9474-1A3956D46DE8}") = "TestSimulation", "TestSimulation", "{832500F1-73FE-4C92-8EFF-AA872AD9283F}"
EndProject
Project("{9A19103F-16F7-4668-BE54-9A1E7A4F7556}") = "Foundation.TestSimulation.Engine", "src\Foundation\TestSimulation\Engine\Foundation.TestSimulation.Engine.csproj", "{8BE2CC09-73FE-4DFC-823C-578576F69ECF}"
EndProject
Global
	GlobalSection(SolutionConfigurationPlatforms) = preSolution
		Debug|Any CPU = Debug|Any CPU
		Release|Any CPU = Release|Any CPU
	EndGlobalSection
	GlobalSection(ProjectConfigurationPlatforms) = postSolution
		{C8B4122E-69EF-415C-8FB1-74E4DF2FD0E5}.Debug|Any CPU.ActiveCfg = Debug|Any CPU
		{C8B4122E-69EF-415C-8FB1-74E4DF2FD0E5}.Debug|Any CPU.Build.0 = Debug|Any CPU
		{C8B4122E-69EF-415C-8FB1-74E4DF2FD0E5}.Release|Any CPU.ActiveCfg = Release|Any CPU
		{C8B4122E-69EF-415C-8FB1-74E4DF2FD0E5}.Release|Any CPU.Build.0 = Release|Any CPU
		{A8D3A425-A11D-4CDF-A918-6CD8EE84D882}.Debug|Any CPU.ActiveCfg = Debug|Any CPU
		{A8D3A425-A11D-4CDF-A918-6CD8EE84D882}.Debug|Any CPU.Build.0 = Debug|Any CPU
		{A8D3A425-A11D-4CDF-A918-6CD8EE84D882}.Release|Any CPU.ActiveCfg = Release|Any CPU
		{A8D3A425-A11D-4CDF-A918-6CD8EE84D882}.Release|Any CPU.Build.0 = Release|Any CPU
		{8BE2CC09-73FE-4DFC-823C-578576F69ECF}.Debug|Any CPU.ActiveCfg = Debug|Any CPU
		{8BE2CC09-73FE-4DFC-823C-578576F69ECF}.Debug|Any CPU.Build.0 = Debug|Any CPU
		{8BE2CC09-73FE-4DFC-823C-578576F69ECF}.Release|Any CPU.ActiveCfg = Release|Any CPU
		{8BE2CC09-73FE-4DFC-823C-578576F69ECF}.Release|Any CPU.Build.0 = Release|Any CPU
	EndGlobalSection
	GlobalSection(SolutionProperties) = preSolution
		HideSolutionNode = FALSE
	EndGlobalSection
	GlobalSection(NestedProjects) = preSolution
		{6A6A0CAC-2FD8-4690-AD30-EF3A3E3101FE} = {872AD8A1-5DB8-4900-9733-5E0D1AD9C83B}
		{C8B4122E-69EF-415C-8FB1-74E4DF2FD0E5} = {6A6A0CAC-2FD8-4690-AD30-EF3A3E3101FE}
		{A8D3A425-A11D-4CDF-A918-6CD8EE84D882} = {6A6A0CAC-2FD8-4690-AD30-EF3A3E3101FE}
		{832500F1-73FE-4C92-8EFF-AA872AD9283F} = {2313DFE5-5149-4843-B89F-979B14725E66}
		{8BE2CC09-73FE-4DFC-823C-578576F69ECF} = {832500F1-73FE-4C92-8EFF-AA872AD9283F}
	EndGlobalSection
	GlobalSection(ExtensibilityGlobals) = postSolution
		SolutionGuid = {C18592B4-0F80-4C8E-95B6-1BD5601F6442}
	EndGlobalSection
EndGlobal
